<?xml version="1.0" encoding="utf-8"?>
<Project ToolsVersion="4.0" xmlns="http://schemas.microsoft.com/developer/msbuild/2003">
  <ItemGroup>
    <Filter Include="Source Files">
      <UniqueIdentifier>{4FC737F1-C7A5-4376-A066-2A32D752A2FF}</UniqueIdentifier>
      <Extensions>cpp;c;cc;cxx;c++;cppm;ixx;def;odl;idl;hpj;bat;asm;asmx</Extensions>
    </Filter>
    <Filter Include="Resource Files">
      <UniqueIdentifier>{67DA6AB6-F800-4c08-8B7A-83BB121AAD01}</UniqueIdentifier>
      <Extensions>rc;ico;cur;bmp;dlg;rc2;rct;bin;rgs;gif;jpg;jpeg;jpe;resx;tiff;tif;png;wav;mfcribbon-ms</Extensions>
    </Filter>
    <Filter Include="Components">
      <UniqueIdentifier>{93995380-89BD-4b04-88EB-625FBE52EBFB}</UniqueIdentifier>
      <Extensions>h;hh;hpp;hxx;h++;hm;inl;inc;ipp;xsd</Extensions>
    </Filter>
    <Filter Include="Commands">
      <UniqueIdentifier>{c873db6c-6f2b-41eb-b79f-061a1c6c7ea7}</UniqueIdentifier>
    </Filter>
    <Filter Include="States">
      <UniqueIdentifier>{9a8c29c5-d32b-409e-877e-83bf37f34818}</UniqueIdentifier>
    </Filter>
  </ItemGroup>
  <ItemGroup>
    <ClCompile Include="Game.cpp">
      <Filter>Source Files</Filter>
    </ClCompile>
    <ClCompile Include="AchievementComponent.cpp">
      <Filter>Components</Filter>
    </ClCompile>
    <ClCompile Include="FoodComponent.cpp">
      <Filter>Components</Filter>
    </ClCompile>
    <ClCompile Include="LifeComponent.cpp">
      <Filter>Components</Filter>
    </ClCompile>
    <ClCompile Include="LifeDisplayComponent.cpp">
      <Filter>Components</Filter>
    </ClCompile>
    <ClCompile Include="MovementComponent.cpp">
      <Filter>Components</Filter>
    </ClCompile>
    <ClCompile Include="MrHotDogComponent.cpp">
      <Filter>Components</Filter>
    </ClCompile>
    <ClCompile Include="PlateComponent.cpp">
      <Filter>Components</Filter>
    </ClCompile>
    <ClCompile Include="PlayerComponent.cpp">
      <Filter>Components</Filter>
    </ClCompile>
    <ClCompile Include="ScoreDisplayComponent.cpp">
      <Filter>Components</Filter>
    </ClCompile>
    <ClCompile Include="PlayAudioCommand.cpp">
      <Filter>Commands</Filter>
    </ClCompile>
    <ClCompile Include="MainMenuState.cpp">
      <Filter>Source Files</Filter>
    </ClCompile>
    <ClCompile Include="MenuCommands.cpp">
      <Filter>Commands</Filter>
    </ClCompile>
    <ClCompile Include="Level1State.cpp">
      <Filter>Source Files</Filter>
    </ClCompile>
    <ClCompile Include="UIButtonComponent.cpp">
      <Filter>Components</Filter>
    </ClCompile>
    <ClCompile Include="MenuComponent.cpp">
      <Filter>Source Files</Filter>
    </ClCompile>
  </ItemGroup>
  <ItemGroup>
    <ClInclude Include="AchievementComponent.h">
      <Filter>Components</Filter>
    </ClInclude>
    <ClInclude Include="FoodComponent.h">
      <Filter>Components</Filter>
    </ClInclude>
    <ClInclude Include="LifeComponent.h">
      <Filter>Components</Filter>
    </ClInclude>
    <ClInclude Include="LifeDisplayComponent.h">
      <Filter>Components</Filter>
    </ClInclude>
    <ClInclude Include="MovementComponent.h">
      <Filter>Components</Filter>
    </ClInclude>
    <ClInclude Include="PlayerComponent.h">
      <Filter>Components</Filter>
    </ClInclude>
    <ClInclude Include="ScoreDisplayComponent.h">
      <Filter>Components</Filter>
    </ClInclude>
    <ClInclude Include="MrHotDogComponent.h">
      <Filter>Components</Filter>
    </ClInclude>
    <ClInclude Include="PlateComponent.h">
      <Filter>Components</Filter>
    </ClInclude>
    <ClInclude Include="PlayAudioCommand.h">
      <Filter>Commands</Filter>
    </ClInclude>
    <ClInclude Include="Event.h">
      <Filter>Components</Filter>
    </ClInclude>
    <ClInclude Include="MainMenuState.h">
      <Filter>Source Files</Filter>
    </ClInclude>
    <ClInclude Include="MenuCommands.h">
      <Filter>Commands</Filter>
    </ClInclude>
    <ClInclude Include="Level1State.h">
      <Filter>Source Files</Filter>
    </ClInclude>
    <ClInclude Include="UIButtonComponent.h">
      <Filter>Components</Filter>
    </ClInclude>
    <ClInclude Include="MenuComponent.h">
      <Filter>Components</Filter>
    </ClInclude>
  </ItemGroup>
</Project>