<?xml version="1.0" encoding="utf-8"?>
<Project ToolsVersion="4.0" xmlns="http://schemas.microsoft.com/developer/msbuild/2003">
  <ItemGroup>
    <Filter Include="Resource Files">
      <UniqueIdentifier>{67DA6AB6-F800-4c08-8B7A-83BB121AAD01}</UniqueIdentifier>
      <Extensions>rc;ico;cur;bmp;dlg;rc2;rct;bin;rgs;gif;jpg;jpeg;jpe;resx;tiff;tif;png;wav;mfcribbon-ms</Extensions>
    </Filter>
    <Filter Include="Engine Files">
      <UniqueIdentifier>{4FC737F1-C7A5-4376-A066-2A32D752A2FF}</UniqueIdentifier>
      <Extensions>cpp;c;cc;cxx;def;odl;idl;hpj;bat;asm;asmx</Extensions>
    </Filter>
    <Filter Include="Component Files">
      <UniqueIdentifier>{93995380-89BD-4b04-88EB-625FBE52EBFB}</UniqueIdentifier>
      <Extensions>h;hh;hpp;hxx;hm;inl;inc;xsd</Extensions>
    </Filter>
    <Filter Include="ImGui">
      <UniqueIdentifier>{5798c354-4e7d-465d-be81-40fe1b2f7d68}</UniqueIdentifier>
    </Filter>
    <Filter Include="Engine Files\Input">
      <UniqueIdentifier>{f0494122-00a0-4074-a99e-73fbe95a5188}</UniqueIdentifier>
    </Filter>
    <Filter Include="Engine Files\Audio">
      <UniqueIdentifier>{e3c1a685-781e-4408-9fe8-bf9fed04db62}</UniqueIdentifier>
    </Filter>
    <Filter Include="Engine Files\Physics">
      <UniqueIdentifier>{3a5c87fb-9540-4a29-bb74-a1b1a0174364}</UniqueIdentifier>
    </Filter>
    <Filter Include="Observer">
      <UniqueIdentifier>{2ce718b3-975b-40d5-aa35-aaf12e00b65a}</UniqueIdentifier>
    </Filter>
    <Filter Include="Helpers">
      <UniqueIdentifier>{df70af3e-ac65-4343-9a06-c1f4556cc1f5}</UniqueIdentifier>
    </Filter>
  </ItemGroup>
  <ItemGroup>
    <ClInclude Include="Transform.h">
      <Filter>Component Files</Filter>
    </ClInclude>
    <ClInclude Include="GameObject.h">
      <Filter>Engine Files</Filter>
    </ClInclude>
    <ClInclude Include="Font.h">
      <Filter>Engine Files</Filter>
    </ClInclude>
    <ClInclude Include="Singleton.h">
      <Filter>Engine Files</Filter>
    </ClInclude>
    <ClInclude Include="Texture2D.h">
      <Filter>Engine Files</Filter>
    </ClInclude>
    <ClInclude Include="SceneManager.h">
      <Filter>Engine Files</Filter>
    </ClInclude>
    <ClInclude Include="Scene.h">
      <Filter>Engine Files</Filter>
    </ClInclude>
    <ClInclude Include="ResourceManager.h">
      <Filter>Engine Files</Filter>
    </ClInclude>
    <ClInclude Include="Renderer.h">
      <Filter>Engine Files</Filter>
    </ClInclude>
    <ClInclude Include="MiniginPCH.h">
      <Filter>Engine Files</Filter>
    </ClInclude>
    <ClInclude Include="Minigin.h">
      <Filter>Engine Files</Filter>
    </ClInclude>
    <ClInclude Include="Component.h">
      <Filter>Component Files</Filter>
    </ClInclude>
    <ClInclude Include="TextObject.h">
      <Filter>Component Files</Filter>
    </ClInclude>
    <ClInclude Include="SpriteRendererComponent.h">
      <Filter>Component Files</Filter>
    </ClInclude>
    <ClInclude Include="FPSComponent.h">
      <Filter>Component Files</Filter>
    </ClInclude>
    <ClInclude Include="GameTime.h">
      <Filter>Engine Files</Filter>
    </ClInclude>
    <ClInclude Include="Observer.h">
      <Filter>Observer</Filter>
    </ClInclude>
    <ClInclude Include="InputManager.h">
      <Filter>Engine Files\Input</Filter>
    </ClInclude>
    <ClInclude Include="Command.h">
      <Filter>Engine Files\Input</Filter>
    </ClInclude>
    <ClInclude Include="Xbox360Controller.h">
      <Filter>Engine Files\Input</Filter>
    </ClInclude>
    <ClInclude Include="Subject.h">
      <Filter>Observer</Filter>
    </ClInclude>
    <ClInclude Include="Controller.h">
      <Filter>Engine Files\Input</Filter>
    </ClInclude>
    <ClInclude Include="Keyboard.h">
      <Filter>Engine Files\Input</Filter>
    </ClInclude>
    <ClInclude Include="Collider.h">
      <Filter>Component Files</Filter>
    </ClInclude>
    <ClInclude Include="SceneObject.h">
      <Filter>Engine Files</Filter>
    </ClInclude>
    <ClInclude Include="RigidbodyComponent.h">
      <Filter>Component Files</Filter>
    </ClInclude>
    <ClInclude Include="AnimatorComponent.h">
      <Filter>Component Files</Filter>
    </ClInclude>
    <ClInclude Include="AudioSystem.h">
      <Filter>Engine Files\Audio</Filter>
    </ClInclude>
    <ClInclude Include="SDLAudioSystem.h">
      <Filter>Engine Files\Audio</Filter>
    </ClInclude>
    <ClInclude Include="NullAudioSystem.h">
      <Filter>Engine Files\Audio</Filter>
    </ClInclude>
    <ClInclude Include="LoggedAudio.h">
      <Filter>Engine Files\Audio</Filter>
    </ClInclude>
    <ClInclude Include="ServiceLocator.h">
      <Filter>Engine Files</Filter>
    </ClInclude>
    <ClInclude Include="IGameState.h">
      <Filter>Engine Files</Filter>
    </ClInclude>
    <ClInclude Include="GameStateManager.h">
      <Filter>Engine Files</Filter>
    </ClInclude>
    <ClInclude Include="Factory.h">
      <Filter>Engine Files</Filter>
    </ClInclude>
    <ClInclude Include="PhysicsDebugDraw.h">
      <Filter>Engine Files\Physics</Filter>
    </ClInclude>
    <ClInclude Include="RaycastCallback.h">
      <Filter>Engine Files\Physics</Filter>
    </ClInclude>
    <ClInclude Include="CollisionHandler.h">
      <Filter>Engine Files\Physics</Filter>
    </ClInclude>
    <ClInclude Include="..\3rdParty\imgui\imconfig.h">
      <Filter>ImGui</Filter>
    </ClInclude>
    <ClInclude Include="..\3rdParty\imgui\imgui.h">
      <Filter>ImGui</Filter>
    </ClInclude>
    <ClInclude Include="..\3rdParty\imgui\imgui_internal.h">
      <Filter>ImGui</Filter>
    </ClInclude>
    <ClInclude Include="..\3rdParty\imgui\imstb_rectpack.h">
      <Filter>ImGui</Filter>
    </ClInclude>
    <ClInclude Include="..\3rdParty\imgui\imstb_textedit.h">
      <Filter>ImGui</Filter>
    </ClInclude>
    <ClInclude Include="..\3rdParty\imgui\imstb_truetype.h">
      <Filter>ImGui</Filter>
    </ClInclude>
    <ClInclude Include="..\3rdParty\imgui\backends\imgui_impl_opengl2.h">
      <Filter>ImGui</Filter>
    </ClInclude>
    <ClInclude Include="..\3rdParty\imgui\backends\imgui_impl_sdl.h">
      <Filter>ImGui</Filter>
    </ClInclude>
    <ClInclude Include="CameraComponent.h">
      <Filter>Component Files</Filter>
    </ClInclude>
    <ClInclude Include="imgui_helpers.h">
      <Filter>Helpers</Filter>
    </ClInclude>
    <ClInclude Include="RapidjsonHelpers.h">
      <Filter>Helpers</Filter>
    </ClInclude>
    <ClInclude Include="..\3rdParty\imgui\misc\cpp\imgui_stdlib.h">
      <Filter>ImGui</Filter>
    </ClInclude>
    <ClInclude Include="Utils.h">
      <Filter>Helpers</Filter>
    </ClInclude>
  </ItemGroup>
  <ItemGroup>
    <ClCompile Include="MiniginPCH.cpp">
      <Filter>Engine Files</Filter>
    </ClCompile>
    <ClCompile Include="Renderer.cpp">
      <Filter>Engine Files</Filter>
    </ClCompile>
    <ClCompile Include="GameObject.cpp">
      <Filter>Engine Files</Filter>
    </ClCompile>
    <ClCompile Include="Scene.cpp">
      <Filter>Engine Files</Filter>
    </ClCompile>
    <ClCompile Include="SceneManager.cpp">
      <Filter>Engine Files</Filter>
    </ClCompile>
    <ClCompile Include="Font.cpp">
      <Filter>Engine Files</Filter>
    </ClCompile>
    <ClCompile Include="Minigin.cpp">
      <Filter>Engine Files</Filter>
    </ClCompile>
    <ClCompile Include="Transform.cpp">
      <Filter>Component Files</Filter>
    </ClCompile>
    <ClCompile Include="Texture2D.cpp">
      <Filter>Engine Files</Filter>
    </ClCompile>
    <ClCompile Include="ResourceManager.cpp">
      <Filter>Engine Files</Filter>
    </ClCompile>
    <ClCompile Include="TextObject.cpp">
      <Filter>Component Files</Filter>
    </ClCompile>
    <ClCompile Include="FPSComponent.cpp">
      <Filter>Component Files</Filter>
    </ClCompile>
    <ClCompile Include="GameTime.cpp">
      <Filter>Engine Files</Filter>
    </ClCompile>
    <ClCompile Include="SpriteRendererComponent.cpp">
      <Filter>Component Files</Filter>
    </ClCompile>
    <ClCompile Include="InputManager.cpp">
      <Filter>Engine Files\Input</Filter>
    </ClCompile>
    <ClCompile Include="Command.cpp">
      <Filter>Engine Files\Input</Filter>
    </ClCompile>
    <ClCompile Include="Xbox360Controller.cpp">
      <Filter>Engine Files\Input</Filter>
    </ClCompile>
    <ClCompile Include="Subject.cpp">
      <Filter>Observer</Filter>
    </ClCompile>
    <ClCompile Include="Controller.cpp">
      <Filter>Engine Files\Input</Filter>
    </ClCompile>
    <ClCompile Include="Keyboard.cpp">
      <Filter>Engine Files\Input</Filter>
    </ClCompile>
    <ClCompile Include="Collider.cpp">
      <Filter>Component Files</Filter>
    </ClCompile>
    <ClCompile Include="RigidbodyComponent.cpp">
      <Filter>Component Files</Filter>
    </ClCompile>
    <ClCompile Include="AnimatorComponent.cpp">
      <Filter>Component Files</Filter>
    </ClCompile>
    <ClCompile Include="ServiceLocator.cpp">
      <Filter>Engine Files</Filter>
    </ClCompile>
    <ClCompile Include="AudioSystem.cpp">
      <Filter>Engine Files\Audio</Filter>
    </ClCompile>
    <ClCompile Include="LoggedAudio.cpp">
      <Filter>Engine Files\Audio</Filter>
    </ClCompile>
    <ClCompile Include="NullAudioSystem.cpp">
      <Filter>Engine Files\Audio</Filter>
    </ClCompile>
    <ClCompile Include="SDLAudioSystem.cpp">
      <Filter>Engine Files\Audio</Filter>
    </ClCompile>
    <ClCompile Include="IGameState.cpp">
      <Filter>Engine Files</Filter>
    </ClCompile>
    <ClCompile Include="GameStateManager.cpp">
      <Filter>Engine Files</Filter>
    </ClCompile>
    <ClCompile Include="Component.cpp">
      <Filter>Component Files</Filter>
    </ClCompile>
    <ClCompile Include="Factory.cpp">
      <Filter>Engine Files</Filter>
    </ClCompile>
    <ClCompile Include="PhysicsDebugDraw.cpp">
      <Filter>Engine Files\Physics</Filter>
    </ClCompile>
    <ClCompile Include="RaycastCallback.cpp">
      <Filter>Engine Files\Physics</Filter>
    </ClCompile>
    <ClCompile Include="CollisionHandler.cpp">
      <Filter>Engine Files\Physics</Filter>
    </ClCompile>
    <ClCompile Include="..\3rdParty\imgui\imgui.cpp">
      <Filter>ImGui</Filter>
    </ClCompile>
    <ClCompile Include="..\3rdParty\imgui\imgui_demo.cpp">
      <Filter>ImGui</Filter>
    </ClCompile>
    <ClCompile Include="..\3rdParty\imgui\imgui_draw.cpp">
      <Filter>ImGui</Filter>
    </ClCompile>
    <ClCompile Include="..\3rdParty\imgui\imgui_tables.cpp">
      <Filter>ImGui</Filter>
    </ClCompile>
    <ClCompile Include="..\3rdParty\imgui\imgui_widgets.cpp">
      <Filter>ImGui</Filter>
    </ClCompile>
    <ClCompile Include="..\3rdParty\imgui\backends\imgui_impl_opengl2.cpp">
      <Filter>ImGui</Filter>
    </ClCompile>
    <ClCompile Include="..\3rdParty\imgui\backends\imgui_impl_sdl.cpp">
      <Filter>ImGui</Filter>
    </ClCompile>
    <ClCompile Include="CameraComponent.cpp">
      <Filter>Component Files</Filter>
    </ClCompile>
    <ClCompile Include="imgui_helpers.cpp">
      <Filter>Helpers</Filter>
    </ClCompile>
    <ClCompile Include="RapidjsonHelpers.cpp">
      <Filter>Helpers</Filter>
    </ClCompile>
    <ClCompile Include="..\3rdParty\imgui\misc\cpp\imgui_stdlib.cpp">
      <Filter>ImGui</Filter>
    </ClCompile>
  </ItemGroup>
</Project>